{
    "_meta": {
        "hash": {
            "sha256": "1678a8fc7b13f7329f66348447e24d04d7317e5638528be844a976f113e50bb7"
        },
        "pipfile-spec": 6,
        "requires": {
            "python_version": "3.6"
        },
        "sources": [
            {
                "name": "pypi",
                "url": "https://pypi.org/simple",
                "verify_ssl": true
            }
        ]
    },
    "default": {
        "more-itertools": {
            "hashes": [
                "sha256:2b6b9893337bfd9166bee6a62c2b0c9fe7735dcf85948b387ec8cba30e85d8e8",
                "sha256:6703844a52d3588f951883005efcf555e49566a48afd4db4e965d69b883980d3",
                "sha256:a18d870ef2ffca2b8463c0070ad17b5978056f403fb64e3f15fe62a52db21cc0"
            ],
            "index": "pypi",
            "version": "==4.2.0"
        },
        "six": {
            "hashes": [
                "sha256:70e8a77beed4562e7f14fe23a786b54f6296e34344c23bc42f07b15018ff98e9",
                "sha256:832dc0e10feb1aa2c68dcc57dbb658f1c7e65b9b61af69048abc87a2db00a0eb"
            ],
            "version": "==1.11.0"
        },
        "unidecode": {
            "hashes": [
                "sha256:72f49d3729f3d8f5799f710b97c1451c5163102e76d64d20e170aedbbd923582",
                "sha256:8c33dd588e0c9bc22a76eaa0c715a5434851f726131bd44a6c26471746efabf5"
            ],
            "index": "pypi",
            "version": "==1.0.22"
        }
    },
    "develop": {}
}
